
Microsoft Visual Studio Solution File, Format Version 12.00
# Visual Studio Version 17
VisualStudioVersion = 17.3.32825.248
MinimumVisualStudioVersion = 10.0.40219.1
Project("{FAE04EC0-301F-11D3-BF4B-00C04F79EFBC}") = "Shop_Application", "Shop_Application.csproj", "{460C69EF-5F22-4597-BB57-369BBA351F08}"
EndProject
Global
	GlobalSection(SolutionConfigurationPlatforms) = preSolution
		Debug|Any CPU = Debug|Any CPU
		Release|Any CPU = Release|Any CPU
	EndGlobalSection
	GlobalSection(ProjectConfigurationPlatforms) = postSolution
		{460C69EF-5F22-4597-BB57-369BBA351F08}.Debug|Any CPU.ActiveCfg = Debug|Any CPU
		{460C69EF-5F22-4597-BB57-369BBA351F08}.Debug|Any CPU.Build.0 = Debug|Any CPU
		{460C69EF-5F22-4597-BB57-369BBA351F08}.Release|Any CPU.ActiveCfg = Release|Any CPU
		{460C69EF-5F22-4597-BB57-369BBA351F08}.Release|Any CPU.Build.0 = Release|Any CPU
	EndGlobalSection
	GlobalSection(SolutionProperties) = preSolution
		HideSolutionNode = FALSE
	EndGlobalSection
	GlobalSection(ExtensibilityGlobals) = postSolution
		SolutionGuid = {4764C040-E7E9-4EC6-AA13-FFE7D87CF740}
	EndGlobalSection
EndGlobal
